{
  "version": "5",
  "remote": {
    "https://edge.netlify.com/": "fd941d61d88673d5f28aab283fb86fcc50f08a3bc80ee5470498fcfa88c65cfb",
    "https://edge.netlify.com/bootstrap/config.ts": "6a2ce0e544e15e8f8883a5c18da5948e37fd0f2619f68cb31f3af53c51817025",
    "https://edge.netlify.com/bootstrap/context.ts": "72496497b40d9e808f419efc764ecb438952a32f61ed94cd54952fc59f17f69d",
    "https://edge.netlify.com/bootstrap/cookie.ts": "8b0baae708989ca183c6f3b4ab3d029e6abcbc2e43f93edeb0ff447b3bbc3a05",
    "https://edge.netlify.com/bootstrap/edge_function.ts": "b8253e86aa83c67341f5cfedeba5049d77fbf84dcab7eceff7566b7728ae9b39",
    "https://edge.netlify.com/bootstrap/globals/types.ts": "eaa6148ded3121d8dee62dd91c86e7fe76601df0f3ca8d7962243a30f4c8935f"
  },
  "workspace": {
    "packageJson": {
      "dependencies": [
        "npm:@biomejs/biome@1.9.4",
        "npm:@codemirror/commands@^6.8.1",
        "npm:@codemirror/lang-javascript@^6.2.4",
        "npm:@codemirror/lang-markdown@^6.3.2",
        "npm:@codemirror/language-data@^6.5.1",
        "npm:@codemirror/language@^6.11.0",
        "npm:@codemirror/state@^6.5.2",
        "npm:@codemirror/view@^6.36.8",
        "npm:@emotion/react@^11.14.0",
        "npm:@emotion/styled@^11.14.0",
        "npm:@floating-ui/react@~0.27.8",
        "npm:@hookform/resolvers@^5.0.1",
        "npm:@mdxeditor/editor@^3.32.3",
        "npm:@mui/icons-material@^7.1.0",
        "npm:@mui/material@^7.1.0",
        "npm:@netlify/vite-plugin-react-router@^2.1.2",
        "npm:@react-router/dev@^7.9.6",
        "npm:@react-router/fs-routes@^7.9.6",
        "npm:@react-router/node@^7.9.6",
        "npm:@react-router/serve@^7.9.6",
        "npm:@supabase/ssr@~0.6.1",
        "npm:@supabase/supabase-js@^2.49.4",
        "npm:@tailwindcss/postcss@^4.1.6",
        "npm:@tailwindcss/typography@~0.5.16",
        "npm:@types/js-cookie@^3.0.6",
        "npm:@types/locomotive-scroll@^4.1.4",
        "npm:@types/node@^22.15.17",
        "npm:@types/nprogress@~0.2.3",
        "npm:@types/react-dom@^19.1.5",
        "npm:@types/react-syntax-highlighter@^15.5.13",
        "npm:@types/react@^19.1.4",
        "npm:@xmldom/xmldom@~0.9.8",
        "npm:ahooks@^3.8.5",
        "npm:auto-unit@^3.0.5",
        "npm:axios@^1.9.0",
        "npm:clsx@^2.1.1",
        "npm:cookie@^1.0.2",
        "npm:dotenv@^16.5.0",
        "npm:flexsearch@~0.8.164",
        "npm:husky@^9.1.7",
        "npm:isbot@^4.4.0",
        "npm:jotai@^2.12.4",
        "npm:js-cookie@^3.0.5",
        "npm:json-diff-ts@^4.3.0",
        "npm:locomotive-scroll@^4.1.4",
        "npm:match-sorter@^6.3.1",
        "npm:md-editor-rt@^5.5.1",
        "npm:mermaid@^11.6.0",
        "npm:motion@^12.11.0",
        "npm:murmurhash@^2.0.1",
        "npm:nanoid@^5.1.5",
        "npm:nprogress@0.2",
        "npm:react-dom@^19.1.0",
        "npm:react-hook-form@^7.66.0",
        "npm:react-icons@^5.5.0",
        "npm:react-merge-refs@^3.0.2",
        "npm:react-router@^7.9.6",
        "npm:react-syntax-highlighter@^15.6.1",
        "npm:react@^19.1.0",
        "npm:rehype-slug@6",
        "npm:rehype@^13.0.2",
        "npm:remark-gfm@^4.0.1",
        "npm:remark-parse@11",
        "npm:remark-rehype@^11.1.2",
        "npm:supabase@^2.58.5",
        "npm:swiper@^11.2.6",
        "npm:tailwindcss@^4.1.6",
        "npm:typescript@^5.1.6",
        "npm:unified@^11.0.5",
        "npm:vite-plugin-devtools-json@0.1",
        "npm:vite-plugin-environment@^1.1.3",
        "npm:vite-tsconfig-paths@^5.1.4",
        "npm:vite@^6.3.5",
        "npm:zod@^3.24.4"
      ]
    }
  }
}
